{
  "name": "dotf",
  "version": "0.1.0",
  "lockfileVersion": 1,
  "requires": true,
  "dependencies": {
    "cwd": {
      "version": "0.10.0",
      "resolved": "https://registry.npmjs.org/cwd/-/cwd-0.10.0.tgz",
      "integrity": "sha1-FyQAaUBXwioTsM8WFix+S3p/5Wc=",
      "requires": {
        "find-pkg": "0.1.2",
        "fs-exists-sync": "0.1.0"
      }
    },
    "expand-tilde": {
      "version": "2.0.2",
      "resolved": "https://registry.npmjs.org/expand-tilde/-/expand-tilde-2.0.2.tgz",
      "integrity": "sha1-l+gBqgUt8CRU3kawK/YhZCzchQI=",
      "requires": {
        "homedir-polyfill": "1.0.1"
      }
    },
    "extend-shallow": {
      "version": "2.0.1",
      "resolved": "https://registry.npmjs.org/extend-shallow/-/extend-shallow-2.0.1.tgz",
      "integrity": "sha1-Ua99YUrZqfYQ6huvu5idaxxWiQ8=",
      "requires": {
        "is-extendable": "0.1.1"
      }
    },
    "find-file-up": {
      "version": "0.1.3",
      "resolved": "https://registry.npmjs.org/find-file-up/-/find-file-up-0.1.3.tgz",
      "integrity": "sha1-z2gJG8+fMApA2kEbN9pczlovvqA=",
      "requires": {
        "fs-exists-sync": "0.1.0",
        "resolve-dir": "0.1.1"
      }
    },
    "find-pkg": {
      "version": "0.1.2",
      "resolved": "https://registry.npmjs.org/find-pkg/-/find-pkg-0.1.2.tgz",
      "integrity": "sha1-G9wiwG42NlUy4qJIBGhUuXiNpVc=",
      "requires": {
        "find-file-up": "0.1.3"
      }
    },
    "fs-exists-sync": {
      "version": "0.1.0",
      "resolved": "https://registry.npmjs.org/fs-exists-sync/-/fs-exists-sync-0.1.0.tgz",
      "integrity": "sha1-mC1ok6+RjnLQjeyehnP/K1qNat0="
    },
    "global-modules": {
      "version": "0.2.3",
      "resolved": "https://registry.npmjs.org/global-modules/-/global-modules-0.2.3.tgz",
      "integrity": "sha1-6lo77ULG1s6ZWk+KEmm12uIjgo0=",
      "requires": {
        "global-prefix": "0.1.5",
        "is-windows": "0.2.0"
      }
    },
    "global-prefix": {
      "version": "0.1.5",
      "resolved": "https://registry.npmjs.org/global-prefix/-/global-prefix-0.1.5.tgz",
      "integrity": "sha1-jTvGuNo8qBEqFg2NSW/wRiv+948=",
      "requires": {
        "homedir-polyfill": "1.0.1",
        "ini": "1.3.4",
        "is-windows": "0.2.0",
        "which": "1.3.0"
      }
    },
    "homedir-polyfill": {
      "version": "1.0.1",
      "resolved": "https://registry.npmjs.org/homedir-polyfill/-/homedir-polyfill-1.0.1.tgz",
      "integrity": "sha1-TCu8inWJmP7r9e1oWA921GdotLw=",
      "requires": {
        "parse-passwd": "1.0.0"
      }
    },
    "http-errors": {
      "version": "1.5.1",
      "resolved": "https://registry.npmjs.org/http-errors/-/http-errors-1.5.1.tgz",
      "integrity": "sha1-eIwNLB3iyBuebowBhDtrl+uSB1A=",
      "requires": {
        "inherits": "2.0.3",
        "setprototypeof": "1.0.2",
        "statuses": "1.3.1"
      }
    },
    "inherits": {
      "version": "2.0.3",
      "resolved": "https://registry.npmjs.org/inherits/-/inherits-2.0.3.tgz",
      "integrity": "sha1-Yzwsg+PaQqUC9SRmAiSA9CCCYd4="
    },
    "ini": {
      "version": "1.3.4",
      "resolved": "https://registry.npmjs.org/ini/-/ini-1.3.4.tgz",
      "integrity": "sha1-BTfLedr1m1mhpRff9wbIbsA5Fi4="
    },
    "is-buffer": {
      "version": "1.1.5",
      "resolved": "https://registry.npmjs.org/is-buffer/-/is-buffer-1.1.5.tgz",
      "integrity": "sha1-Hzsm72E7IUuIy8ojzGwB2Hlh7sw="
    },
    "is-extendable": {
      "version": "0.1.1",
      "resolved": "https://registry.npmjs.org/is-extendable/-/is-extendable-0.1.1.tgz",
      "integrity": "sha1-YrEQ4omkcUGOPsNqYX1HLjAd/Ik="
    },
    "is-windows": {
      "version": "0.2.0",
      "resolved": "https://registry.npmjs.org/is-windows/-/is-windows-0.2.0.tgz",
      "integrity": "sha1-3hqm1j6indJIc3tp8f+LgALSEIw="
    },
    "isexe": {
      "version": "2.0.0",
      "resolved": "https://registry.npmjs.org/isexe/-/isexe-2.0.0.tgz",
      "integrity": "sha1-6PvzdNxVb/iUehDcsFctYz8s+hA="
    },
    "kind-of": {
      "version": "3.2.2",
      "resolved": "https://registry.npmjs.org/kind-of/-/kind-of-3.2.2.tgz",
      "integrity": "sha1-MeohpzS6ubuw8yRm2JOupR5KPGQ=",
      "requires": {
        "is-buffer": "1.1.5"
      }
    },
    "lazy-cache": {
      "version": "2.0.2",
      "resolved": "https://registry.npmjs.org/lazy-cache/-/lazy-cache-2.0.2.tgz",
      "integrity": "sha1-uRkKT5EzVGlIQIWfio9whNiCImQ=",
      "requires": {
        "set-getter": "0.1.0"
      }
    },
    "os-homedir": {
      "version": "1.0.2",
      "resolved": "https://registry.npmjs.org/os-homedir/-/os-homedir-1.0.2.tgz",
      "integrity": "sha1-/7xJiDNuDoM94MFox+8VISGqf7M="
    },
    "parse-passwd": {
      "version": "1.0.0",
      "resolved": "https://registry.npmjs.org/parse-passwd/-/parse-passwd-1.0.0.tgz",
      "integrity": "sha1-bVuTSkVpk7I9N/QKOC1vFmao5cY="
    },
    "path-is-absolute": {
      "version": "1.0.1",
      "resolved": "https://registry.npmjs.org/path-is-absolute/-/path-is-absolute-1.0.1.tgz",
      "integrity": "sha1-F0uSaHNVNP+8es5r9TpanhtcX18="
    },
    "path-parse": {
      "version": "1.0.5",
      "resolved": "https://registry.npmjs.org/path-parse/-/path-parse-1.0.5.tgz",
      "integrity": "sha1-PBrfhx6pzWyUMbbqK9dKD/BVxME="
    },
    "resolve": {
      "version": "1.4.0",
      "resolved": "https://registry.npmjs.org/resolve/-/resolve-1.4.0.tgz",
      "integrity": "sha512-aW7sVKPufyHqOmyyLzg/J+8606v5nevBgaliIlV7nUpVMsDnoBGV/cbSLNjZAg9q0Cfd/+easKVKQ8vOu8fn1Q==",
      "requires": {
        "path-parse": "1.0.5"
      }
    },
    "resolve-dir": {
      "version": "0.1.1",
      "resolved": "https://registry.npmjs.org/resolve-dir/-/resolve-dir-0.1.1.tgz",
      "integrity": "sha1-shklmlYC+sXFxJatiUpujMQwJh4=",
      "requires": {
        "expand-tilde": "1.2.2",
        "global-modules": "0.2.3"
      },
      "dependencies": {
        "expand-tilde": {
          "version": "1.2.2",
          "resolved": "https://registry.npmjs.org/expand-tilde/-/expand-tilde-1.2.2.tgz",
          "integrity": "sha1-C4HrqJflo9MdHD0QL48BRB5VlEk=",
          "requires": {
            "os-homedir": "1.0.2"
          }
        }
      }
    },
    "resolve-file": {
      "version": "0.3.0",
      "resolved": "https://registry.npmjs.org/resolve-file/-/resolve-file-0.3.0.tgz",
      "integrity": "sha1-EeH7RkVm06fFAMt+lIHo8LAKFO8=",
      "requires": {
        "cwd": "0.10.0",
        "expand-tilde": "2.0.2",
        "extend-shallow": "2.0.1",
        "fs-exists-sync": "0.1.0",
        "homedir-polyfill": "1.0.1",
        "lazy-cache": "2.0.2",
        "resolve": "1.4.0"
      }
    },
    "resolve-path": {
      "version": "1.3.3",
      "resolved": "https://registry.npmjs.org/resolve-path/-/resolve-path-1.3.3.tgz",
      "integrity": "sha1-TYOrpkaMK45jKldeP1Kw+g2+Glw=",
      "requires": {
        "http-errors": "1.5.1",
        "path-is-absolute": "1.0.1"
      }
    },
    "set-getter": {
      "version": "0.1.0",
      "resolved": "https://registry.npmjs.org/set-getter/-/set-getter-0.1.0.tgz",
      "integrity": "sha1-12nBgsnVpR9AkUXy+6guXoboA3Y=",
      "requires": {
        "to-object-path": "0.3.0"
      }
    },
    "setprototypeof": {
      "version": "1.0.2",
      "resolved": "https://registry.npmjs.org/setprototypeof/-/setprototypeof-1.0.2.tgz",
      "integrity": "sha1-gaVSFB7BBLiOic44MQOtXGZWTQg="
    },
    "statuses": {
      "version": "1.3.1",
      "resolved": "https://registry.npmjs.org/statuses/-/statuses-1.3.1.tgz",
      "integrity": "sha1-+vUbnrdKrvOzrPStX2Gr8ky3uT4="
    },
    "to-object-path": {
      "version": "0.3.0",
      "resolved": "https://registry.npmjs.org/to-object-path/-/to-object-path-0.3.0.tgz",
      "integrity": "sha1-KXWIt7Dn4KwI4E5nL4XB9JmeF68=",
      "requires": {
        "kind-of": "3.2.2"
      }
    },
    "which": {
      "version": "1.3.0",
      "resolved": "https://registry.npmjs.org/which/-/which-1.3.0.tgz",
      "integrity": "sha512-xcJpopdamTuY5duC/KnTTNBraPK54YwpenP4lzxU8H91GudWpFv38u0CKjclE1Wi2EH2EDz5LRcHcKbCIzqGyg==",
      "requires": {
        "isexe": "2.0.0"
      }
    }
  }
}
